# THIS IS AN AUTOGENERATED FILE. DO NOT EDIT THIS FILE DIRECTLY.
# yarn lockfile v1


create-next-app@^12.0.3:
  version "12.0.3"
  resolved "https://registry.yarnpkg.com/create-next-app/-/create-next-app-12.0.3.tgz#39acb3f919a704603332e4a587f23ef7d842f538"
  integrity sha512-Kb6MS+kUtbuzxG2EAJthRSF7hhx5yUbhUupd96Tm3Ivqy8jtPobU4zYbBPDRNWw3BACwQODw9xQzw+5eEzPLfQ==
